{
  "version": "4",
  "specifiers": {
    "jsr:@std/cli@*": "1.0.15",
    "jsr:@std/cli@1.0.15": "1.0.15",
    "jsr:@std/fs@*": "1.0.15",
    "jsr:@std/fs@1.0.15": "1.0.15",
    "jsr:@std/path@1.0.8": "1.0.8",
    "jsr:@std/path@^1.0.8": "1.0.8"
  },
  "jsr": {
    "@std/cli@1.0.15": {
      "integrity": "e79ba3272ec710ca44d8342a7688e6288b0b88802703f3264184b52893d5e93f"
    },
    "@std/fs@1.0.15": {
      "integrity": "c083fb479889d6440d768e498195c3fc499d426fbf9a6592f98f53884d1d3f41",
      "dependencies": [
        "jsr:@std/path@^1.0.8"
      ]
    },
    "@std/path@1.0.8": {
      "integrity": "548fa456bb6a04d3c1a1e7477986b6cffbce95102d0bb447c67c4ee70e0364be"
    }
  },
  "remote": {
    "http://localhost:5500/dist/campfire.js": "0b74ff270754361d344c75affda9b1fcbb3ab1ed002168ffeccaacff915a4242",
    "https://esm.sh/campfire.js@4.0.0-rc14": "7574afbb5ed9784fb17e19ad8662900fbc152916e6d823677526900b7050e999",
    "https://esm.sh/campfire.js@4.0.0-rc14/denonext/campfire.mjs": "45bd9dfdf9b47b6c722d98c2eebef2759146a7e3963f8fa9b7a59aa5e07df3fc",
    "https://esm.sh/campfire.js@4.0.0-rc15": "ef1756b12b7d0738e83dc27831a1530d5840a643bbed88015e4d67c49e83eb60",
    "https://esm.sh/campfire.js@4.0.0-rc15/denonext/campfire.mjs": "4e91328b24f1fe6e3449b4ff884213c05bea6a4a8679da7bd5ca6166c8218bb6",
    "https://esm.sh/campfire.js@4.0.0-rc8": "b988777fea2aa0928504cdc14b4c3ff0ba23375609d61f75e6f26136e3a219c8",
    "https://esm.sh/campfire.js@4.0.0-rc8/denonext/campfire.mjs": "292e99c3daff389829f5b8d8db6e8ad282e7ef3db1804ce99931590b82025e30",
    "https://esm.sh/campfire.js@4.0.0-rc9": "15a1f42f2b04f19fa2a2b1c75b751245e6158413a671d01a35f0e5330f08320d",
    "https://esm.sh/campfire.js@4.0.0-rc9/denonext/campfire.mjs": "b5a2d4ba3cd7804280ac7279295a5249922c9102aac18779abb52af123df849f",
    "https://esm.sh/macrolight@1.5.0": "503cef0295f695b468d29903042860d606fb178d6afc59aefb604c8fde340a28",
    "https://esm.sh/macrolight@1.5.0/denonext/macrolight.mjs": "9b5659208edd2424bbeafb25e1baa1964631d351580d811cf5113501b9b752d7",
    "https://esm.sh/marked@15.0.7": "ef80f69d22751f86de68c04793a0755000b5a6db6297575c60d8bb7e5b1c9263",
    "https://esm.sh/marked@15.0.7/denonext/marked.mjs": "ea38f723598408458f5345bec4a87384dc57615f9f18fc1e12659144062cde91",
    "https://esm.sh/toml@3.0.0": "746f4c5622ec1748f2ac5f3893358a964444881ccbde5979e6bf666eddea2dda",
    "https://esm.sh/toml@3.0.0/denonext/toml.mjs": "f5ecb262558d0ecfdda95c0a1197348d6fecb93691a85f9242ee239581b8339b"
  },
  "workspace": {
    "packageJson": {
      "dependencies": [
        "npm:@asamuzakjp/dom-selector@^6.4.7",
        "npm:@testing-library/dom@^9.3.4",
        "npm:@types/chai-dom@^1.11.3",
        "npm:@types/chai@^4.3.11",
        "npm:@types/jsdom@^21.1.7",
        "npm:@types/mocha@^10.0.6",
        "npm:@types/node@^22.14.0",
        "npm:@types/sinon@^17.0.3",
        "npm:@types/sinonjs__fake-timers@^8.1.5",
        "npm:c8@^10.1.3",
        "npm:chai-dom@^1.12.0",
        "npm:chai@^5.1.0",
        "npm:entities@6",
        "npm:esbuild-node-externals@^1.18.0",
        "npm:esbuild@~0.25.2",
        "npm:jsdom-global@^3.0.2",
        "npm:jsdom@^24.1.3",
        "npm:mocha@^10.3.0",
        "npm:parse5@^7.2.1",
        "npm:sinon@^17.0.1",
        "npm:tough-cookie@^5.1.2",
        "npm:ts-node@^10.9.2",
        "npm:typedoc@~0.28.1",
        "npm:typescript@^5.7.3",
        "npm:undici-types@^7.8.0"
      ]
    }
  }
}
